
Microsoft Visual Studio Solution File, Format Version 12.00
# Visual Studio 15
Project("{FAE04EC0-301F-11D3-BF4B-00C04F79EFBC}") = "Assembly-CSharp", "Assembly-CSharp.csproj", "{78F65D46-C6EF-8D9D-64CB-F1CD8B8C0C23}"
EndProject
Project("{FAE04EC0-301F-11D3-BF4B-00C04F79EFBC}") = "Assembly-CSharp-Editor", "Assembly-CSharp-Editor.csproj", "{E84669AB-8E46-9663-9A6D-8EB0C63D7C18}"
EndProject
Global
	GlobalSection(SolutionConfigurationPlatforms) = preSolution
		Debug|Any CPU = Debug|Any CPU
		Release|Any CPU = Release|Any CPU
	EndGlobalSection
	GlobalSection(ProjectConfigurationPlatforms) = postSolution
		{78F65D46-C6EF-8D9D-64CB-F1CD8B8C0C23}.Debug|Any CPU.ActiveCfg = Debug|Any CPU
		{78F65D46-C6EF-8D9D-64CB-F1CD8B8C0C23}.Debug|Any CPU.Build.0 = Debug|Any CPU
		{78F65D46-C6EF-8D9D-64CB-F1CD8B8C0C23}.Release|Any CPU.ActiveCfg = Release|Any CPU
		{78F65D46-C6EF-8D9D-64CB-F1CD8B8C0C23}.Release|Any CPU.Build.0 = Release|Any CPU
		{E84669AB-8E46-9663-9A6D-8EB0C63D7C18}.Debug|Any CPU.ActiveCfg = Debug|Any CPU
		{E84669AB-8E46-9663-9A6D-8EB0C63D7C18}.Debug|Any CPU.Build.0 = Debug|Any CPU
		{E84669AB-8E46-9663-9A6D-8EB0C63D7C18}.Release|Any CPU.ActiveCfg = Release|Any CPU
		{E84669AB-8E46-9663-9A6D-8EB0C63D7C18}.Release|Any CPU.Build.0 = Release|Any CPU
	EndGlobalSection
	GlobalSection(SolutionProperties) = preSolution
		HideSolutionNode = FALSE
	EndGlobalSection
EndGlobal
